{
  "name": "teachwiseai",
  "lockfileVersion": 3,
  "requires": true,
  "packages": {
    "": {
      "devDependencies": {
        "laravel-echo": "^1.19.0",
        "pusher-js": "^8.4.0"
      }
    },
    "node_modules/laravel-echo": {
      "version": "1.19.0",
      "resolved": "https://registry.npmjs.org/laravel-echo/-/laravel-echo-1.19.0.tgz",
      "integrity": "sha512-o/X4XH8BIRwij66PSjtotZfM88Z8g/4P3gzxQf2BTcZBKmGqucvI5JYYLprR2OZQ9XlGsmJ2v+hDpPGEbXwUWw==",
      "dev": true,
      "engines": {
        "node": ">=10"
      }
    },
    "node_modules/pusher-js": {
      "version": "8.4.0",
      "resolved": "https://registry.npmjs.org/pusher-js/-/pusher-js-8.4.0.tgz",
      "integrity": "sha512-wp3HqIIUc1GRyu1XrP6m2dgyE9MoCsXVsWNlohj0rjSkLf+a0jLvEyVubdg58oMk7bhjBWnFClgp8jfAa6Ak4Q==",
      "dev": true,
      "dependencies": {
        "tweetnacl": "^1.0.3"
      }
    },
    "node_modules/tweetnacl": {
      "version": "1.0.3",
      "resolved": "https://registry.npmjs.org/tweetnacl/-/tweetnacl-1.0.3.tgz",
      "integrity": "sha512-6rt+RN7aOi1nGMyC4Xa5DdYiukl2UWCbcJft7YhxReBGQD7OAM8Pbxw6YMo4r2diNEA8FEmu32YOn9rhaiE5yw==",
      "dev": true
    }
  }
}
